Microsoft Visual Studio Solution File, Format Version 11.00
# Visual Studio 2008

Project("{D27C7BE6-ACC3-033E-E884-A5B6622E9D40}") = "DRODRPG2", "Assembly-CSharp-firstpass.csproj", "{31FAE022-01B9-FC3B-01E5-15407574458A}"
EndProject
Project("{D27C7BE6-ACC3-033E-E884-A5B6622E9D40}") = "DRODRPG2", "Assembly-CSharp.csproj", "{1D4FE520-94B8-C52B-42A1-D5378D6EC26D}"
EndProject
Project("{D27C7BE6-ACC3-033E-E884-A5B6622E9D40}") = "DRODRPG2", "Assembly-CSharp-Editor-firstpass.csproj", "{CC8E12DD-0620-0EAB-8ED0-C7030E7B01A4}"
EndProject
Project("{D27C7BE6-ACC3-033E-E884-A5B6622E9D40}") = "DRODRPG2", "Assembly-CSharp-Editor.csproj", "{A5472766-6DBD-A29E-26DF-6CBBF437FF6D}"
EndProject
Project("{D27C7BE6-ACC3-033E-E884-A5B6622E9D40}") = "DRODRPG2", "Assembly-UnityScript.unityproj", "{9EDD21E5-BFB4-7907-E1CA-5D07EC06805E}"
EndProject
Global
	GlobalSection(SolutionConfigurationPlatforms) = preSolution
		Debug|Any CPU = Debug|Any CPU
		Release|Any CPU = Release|Any CPU
	EndGlobalSection
	GlobalSection(ProjectConfigurationPlatforms) = postSolution
		{31FAE022-01B9-FC3B-01E5-15407574458A}.Debug|Any CPU.ActiveCfg = Debug|Any CPU
		{31FAE022-01B9-FC3B-01E5-15407574458A}.Debug|Any CPU.Build.0 = Debug|Any CPU
		{31FAE022-01B9-FC3B-01E5-15407574458A}.Release|Any CPU.ActiveCfg = Release|Any CPU
		{31FAE022-01B9-FC3B-01E5-15407574458A}.Release|Any CPU.Build.0 = Release|Any CPU
		{1D4FE520-94B8-C52B-42A1-D5378D6EC26D}.Debug|Any CPU.ActiveCfg = Debug|Any CPU
		{1D4FE520-94B8-C52B-42A1-D5378D6EC26D}.Debug|Any CPU.Build.0 = Debug|Any CPU
		{1D4FE520-94B8-C52B-42A1-D5378D6EC26D}.Release|Any CPU.ActiveCfg = Release|Any CPU
		{1D4FE520-94B8-C52B-42A1-D5378D6EC26D}.Release|Any CPU.Build.0 = Release|Any CPU
		{CC8E12DD-0620-0EAB-8ED0-C7030E7B01A4}.Debug|Any CPU.ActiveCfg = Debug|Any CPU
		{CC8E12DD-0620-0EAB-8ED0-C7030E7B01A4}.Debug|Any CPU.Build.0 = Debug|Any CPU
		{CC8E12DD-0620-0EAB-8ED0-C7030E7B01A4}.Release|Any CPU.ActiveCfg = Release|Any CPU
		{CC8E12DD-0620-0EAB-8ED0-C7030E7B01A4}.Release|Any CPU.Build.0 = Release|Any CPU
		{A5472766-6DBD-A29E-26DF-6CBBF437FF6D}.Debug|Any CPU.ActiveCfg = Debug|Any CPU
		{A5472766-6DBD-A29E-26DF-6CBBF437FF6D}.Debug|Any CPU.Build.0 = Debug|Any CPU
		{A5472766-6DBD-A29E-26DF-6CBBF437FF6D}.Release|Any CPU.ActiveCfg = Release|Any CPU
		{A5472766-6DBD-A29E-26DF-6CBBF437FF6D}.Release|Any CPU.Build.0 = Release|Any CPU
		{9EDD21E5-BFB4-7907-E1CA-5D07EC06805E}.Debug|Any CPU.ActiveCfg = Debug|Any CPU
		{9EDD21E5-BFB4-7907-E1CA-5D07EC06805E}.Debug|Any CPU.Build.0 = Debug|Any CPU
		{9EDD21E5-BFB4-7907-E1CA-5D07EC06805E}.Release|Any CPU.ActiveCfg = Release|Any CPU
		{9EDD21E5-BFB4-7907-E1CA-5D07EC06805E}.Release|Any CPU.Build.0 = Release|Any CPU
	EndGlobalSection
	GlobalSection(SolutionProperties) = preSolution
		HideSolutionNode = FALSE
	EndGlobalSection
																												GlobalSection(MonoDevelopProperties) = preSolution
		StartupItem = Assembly-CSharp.csproj
		Policies = $0
		$0.TextStylePolicy = $1
		$1.inheritsSet = null
		$1.scope = text/x-csharp
		$0.CSharpFormattingPolicy = $2
		$2.inheritsSet = Mono
		$2.inheritsScope = text/x-csharp
		$2.scope = text/x-csharp
		$0.TextStylePolicy = $3
		$3.FileWidth = 120
		$3.TabWidth = 4
		$3.EolMarker = Unix
		$3.inheritsSet = Mono
		$3.inheritsScope = text/plain
		$3.scope = text/plain
	EndGlobalSection

EndGlobal
